
Microsoft Visual Studio Solution File, Format Version 12.00
# Visual Studio Version 17
VisualStudioVersion = 17.13.35825.156 d17.13
MinimumVisualStudioVersion = 10.0.40219.1
Project("{FAE04EC0-301F-11D3-BF4B-00C04F79EFBC}") = "DesignliTest.Entities", "DesignliTest.Entities\DesignliTest.Entities.csproj", "{81963CC0-4704-4EB8-8C48-FDF5A7A94577}"
EndProject
Project("{FAE04EC0-301F-11D3-BF4B-00C04F79EFBC}") = "DesignliTest.Repositories", "DesignliTest.Repositories\DesignliTest.Repositories.csproj", "{05C80D13-46A0-40EE-A04C-D6F20438AFE6}"
EndProject
Project("{FAE04EC0-301F-11D3-BF4B-00C04F79EFBC}") = "DesignliTest.Services", "DesignliTest.Services\DesignliTest.Services.csproj", "{D47C111C-4FA7-4845-8FCD-938A3F3FE31F}"
EndProject
Global
	GlobalSection(SolutionConfigurationPlatforms) = preSolution
		Debug|Any CPU = Debug|Any CPU
		Release|Any CPU = Release|Any CPU
	EndGlobalSection
	GlobalSection(ProjectConfigurationPlatforms) = postSolution
		{81963CC0-4704-4EB8-8C48-FDF5A7A94577}.Debug|Any CPU.ActiveCfg = Debug|Any CPU
		{81963CC0-4704-4EB8-8C48-FDF5A7A94577}.Debug|Any CPU.Build.0 = Debug|Any CPU
		{81963CC0-4704-4EB8-8C48-FDF5A7A94577}.Release|Any CPU.ActiveCfg = Release|Any CPU
		{81963CC0-4704-4EB8-8C48-FDF5A7A94577}.Release|Any CPU.Build.0 = Release|Any CPU
		{05C80D13-46A0-40EE-A04C-D6F20438AFE6}.Debug|Any CPU.ActiveCfg = Debug|Any CPU
		{05C80D13-46A0-40EE-A04C-D6F20438AFE6}.Debug|Any CPU.Build.0 = Debug|Any CPU
		{05C80D13-46A0-40EE-A04C-D6F20438AFE6}.Release|Any CPU.ActiveCfg = Release|Any CPU
		{05C80D13-46A0-40EE-A04C-D6F20438AFE6}.Release|Any CPU.Build.0 = Release|Any CPU
		{D47C111C-4FA7-4845-8FCD-938A3F3FE31F}.Debug|Any CPU.ActiveCfg = Debug|Any CPU
		{D47C111C-4FA7-4845-8FCD-938A3F3FE31F}.Debug|Any CPU.Build.0 = Debug|Any CPU
		{D47C111C-4FA7-4845-8FCD-938A3F3FE31F}.Release|Any CPU.ActiveCfg = Release|Any CPU
		{D47C111C-4FA7-4845-8FCD-938A3F3FE31F}.Release|Any CPU.Build.0 = Release|Any CPU
	EndGlobalSection
	GlobalSection(SolutionProperties) = preSolution
		HideSolutionNode = FALSE
	EndGlobalSection
	GlobalSection(ExtensibilityGlobals) = postSolution
		SolutionGuid = {78E34E27-B3AF-44E8-8B38-95AF02295C94}
	EndGlobalSection
EndGlobal
